// !$*UTF8*$!
{
	archiveVersion = 1;
	classes = {
	};
	objectVersion = 46;
	objects = {

/* Begin PBXBuildFile section */
		BF9CA9D5197F7C3D00DEEC4B /* Foundation.framework in Frameworks */ = {isa = PBXBuildFile; fileRef = BF9CA9D4197F7C3D00DEEC4B /* Foundation.framework */; };
		BF9CA9D7197F7C3D00DEEC4B /* CoreGraphics.framework in Frameworks */ = {isa = PBXBuildFile; fileRef = BF9CA9D6197F7C3D00DEEC4B /* CoreGraphics.framework */; };
		BF9CA9D9197F7C3D00DEEC4B /* UIKit.framework in Frameworks */ = {isa = PBXBuildFile; fileRef = BF9CA9D8197F7C3D00DEEC4B /* UIKit.framework */; };
		BF9CA9DF197F7C3D00DEEC4B /* InfoPlist.strings in Resources */ = {isa = PBXBuildFile; fileRef = BF9CA9DD197F7C3D00DEEC4B /* InfoPlist.strings */; };
		BF9CA9E1197F7C3D00DEEC4B /* main.m in Sources */ = {isa = PBXBuildFile; fileRef = BF9CA9E0197F7C3D00DEEC4B /* main.m */; };
		BF9CA9E5197F7C3D00DEEC4B /* AppDelegate.m in Sources */ = {isa = PBXBuildFile; fileRef = BF9CA9E4197F7C3D00DEEC4B /* AppDelegate.m */; };
		BF9CA9E8197F7C3D00DEEC4B /* Main.storyboard in Resources */ = {isa = PBXBuildFile; fileRef = BF9CA9E6197F7C3D00DEEC4B /* Main.storyboard */; };
		BF9CA9EB197F7C3D00DEEC4B /* ViewController.m in Sources */ = {isa = PBXBuildFile; fileRef = BF9CA9EA197F7C3D00DEEC4B /* ViewController.m */; };
		BF9CA9ED197F7C3D00DEEC4B /* Images.xcassets in Resources */ = {isa = PBXBuildFile; fileRef = BF9CA9EC197F7C3D00DEEC4B /* Images.xcassets */; };
		BF9CA9F4197F7C3E00DEEC4B /* XCTest.framework in Frameworks */ = {isa = PBXBuildFile; fileRef = BF9CA9F3197F7C3E00DEEC4B /* XCTest.framework */; };
		BF9CA9F5197F7C3E00DEEC4B /* Foundation.framework in Frameworks */ = {isa = PBXBuildFile; fileRef = BF9CA9D4197F7C3D00DEEC4B /* Foundation.framework */; };
		BF9CA9F6197F7C3E00DEEC4B /* UIKit.framework in Frameworks */ = {isa = PBXBuildFile; fileRef = BF9CA9D8197F7C3D00DEEC4B /* UIKit.framework */; };
		BF9CA9FE197F7C3E00DEEC4B /* InfoPlist.strings in Resources */ = {isa = PBXBuildFile; fileRef = BF9CA9FC197F7C3E00DEEC4B /* InfoPlist.strings */; };
		BF9CAA00197F7C3E00DEEC4B /* iOS_ProjectTests.m in Sources */ = {isa = PBXBuildFile; fileRef = BF9CA9FF197F7C3E00DEEC4B /* iOS_ProjectTests.m */; };
		BF9CAA0A197F7CA100DEEC4B /* libsqlite3.dylib in Frameworks */ = {isa = PBXBuildFile; fileRef = BF9CAA09197F7CA100DEEC4B /* libsqlite3.dylib */; };
		BF9CAA0D197F7CBE00DEEC4B /* DatabaseManager.m in Sources */ = {isa = PBXBuildFile; fileRef = BF9CAA0C197F7CBE00DEEC4B /* DatabaseManager.m */; };
/* End PBXBuildFile section */

/* Begin PBXContainerItemProxy section */
		BF9CA9F7197F7C3E00DEEC4B /* PBXContainerItemProxy */ = {
			isa = PBXContainerItemProxy;
			containerPortal = BF9CA9C9197F7C3D00DEEC4B /* Project object */;
			proxyType = 1;
			remoteGlobalIDString = BF9CA9D0197F7C3D00DEEC4B;
			remoteInfo = iOS_Project;
		};
/* End PBXContainerItemProxy section */

/* Begin PBXFileReference section */
		BF9CA9D1197F7C3D00DEEC4B /* iOS_Project.app */ = {isa = PBXFileReference; explicitFileType = wrapper.application; includeInIndex = 0; path = iOS_Project.app; sourceTree = BUILT_PRODUCTS_DIR; };
		BF9CA9D4197F7C3D00DEEC4B /* Foundation.framework */ = {isa = PBXFileReference; lastKnownFileType = wrapper.framework; name = Foundation.framework; path = System/Library/Frameworks/Foundation.framework; sourceTree = SDKROOT; };
		BF9CA9D6197F7C3D00DEEC4B /* CoreGraphics.framework */ = {isa = PBXFileReference; lastKnownFileType = wrapper.framework; name = CoreGraphics.framework; path = System/Library/Frameworks/CoreGraphics.framework; sourceTree = SDKROOT; };
		BF9CA9D8197F7C3D00DEEC4B /* UIKit.framework */ = {isa = PBXFileReference; lastKnownFileType = wrapper.framework; name = UIKit.framework; path = System/Library/Frameworks/UIKit.framework; sourceTree = SDKROOT; };
		BF9CA9DC197F7C3D00DEEC4B /* iOS_Project-Info.plist */ = {isa = PBXFileReference; lastKnownFileType = text.plist.xml; path = "iOS_Project-Info.plist"; sourceTree = "<group>"; };
		BF9CA9DE197F7C3D00DEEC4B /* en */ = {isa = PBXFileReference; lastKnownFileType = text.plist.strings; name = en; path = en.lproj/InfoPlist.strings; sourceTree = "<group>"; };
		BF9CA9E0197F7C3D00DEEC4B /* main.m */ = {isa = PBXFileReference; lastKnownFileType = sourcecode.c.objc; path = main.m; sourceTree = "<group>"; };
		BF9CA9E2197F7C3D00DEEC4B /* iOS_Project-Prefix.pch */ = {isa = PBXFileReference; lastKnownFileType = sourcecode.c.h; path = "iOS_Project-Prefix.pch"; sourceTree = "<group>"; };
		BF9CA9E3197F7C3D00DEEC4B /* AppDelegate.h */ = {isa = PBXFileReference; lastKnownFileType = sourcecode.c.h; path = AppDelegate.h; sourceTree = "<group>"; };
		BF9CA9E4197F7C3D00DEEC4B /* AppDelegate.m */ = {isa = PBXFileReference; lastKnownFileType = sourcecode.c.objc; path = AppDelegate.m; sourceTree = "<group>"; };
		BF9CA9E7197F7C3D00DEEC4B /* Base */ = {isa = PBXFileReference; lastKnownFileType = file.storyboard; name = Base; path = Base.lproj/Main.storyboard; sourceTree = "<group>"; };
		BF9CA9E9197F7C3D00DEEC4B /* ViewController.h */ = {isa = PBXFileReference; lastKnownFileType = sourcecode.c.h; path = ViewController.h; sourceTree = "<group>"; };
		BF9CA9EA197F7C3D00DEEC4B /* ViewController.m */ = {isa = PBXFileReference; lastKnownFileType = sourcecode.c.objc; path = ViewController.m; sourceTree = "<group>"; };
		BF9CA9EC197F7C3D00DEEC4B /* Images.xcassets */ = {isa = PBXFileReference; lastKnownFileType = folder.assetcatalog; path = Images.xcassets; sourceTree = "<group>"; };
		BF9CA9F2197F7C3E00DEEC4B /* iOS_ProjectTests.xctest */ = {isa = PBXFileReference; explicitFileType = wrapper.cfbundle; includeInIndex = 0; path = iOS_ProjectTests.xctest; sourceTree = BUILT_PRODUCTS_DIR; };
		BF9CA9F3197F7C3E00DEEC4B /* XCTest.framework */ = {isa = PBXFileReference; lastKnownFileType = wrapper.framework; name = XCTest.framework; path = Library/Frameworks/XCTest.framework; sourceTree = DEVELOPER_DIR; };
		BF9CA9FB197F7C3E00DEEC4B /* iOS_ProjectTests-Info.plist */ = {isa = PBXFileReference; lastKnownFileType = text.plist.xml; path = "iOS_ProjectTests-Info.plist"; sourceTree = "<group>"; };
		BF9CA9FD197F7C3E00DEEC4B /* en */ = {isa = PBXFileReference; lastKnownFileType = text.plist.strings; name = en; path = en.lproj/InfoPlist.strings; sourceTree = "<group>"; };
		BF9CA9FF197F7C3E00DEEC4B /* iOS_ProjectTests.m */ = {isa = PBXFileReference; lastKnownFileType = sourcecode.c.objc; path = iOS_ProjectTests.m; sourceTree = "<group>"; };
		BF9CAA09197F7CA100DEEC4B /* libsqlite3.dylib */ = {isa = PBXFileReference; lastKnownFileType = "compiled.mach-o.dylib"; name = libsqlite3.dylib; path = usr/lib/libsqlite3.dylib; sourceTree = SDKROOT; };
		BF9CAA0B197F7CBE00DEEC4B /* DatabaseManager.h */ = {isa = PBXFileReference; fileEncoding = 4; lastKnownFileType = sourcecode.c.h; path = DatabaseManager.h; sourceTree = "<group>"; };
		BF9CAA0C197F7CBE00DEEC4B /* DatabaseManager.m */ = {isa = PBXFileReference; fileEncoding = 4; lastKnownFileType = sourcecode.c.objc; path = DatabaseManager.m; sourceTree = "<group>"; };
/* End PBXFileReference section */

/* Begin PBXFrameworksBuildPhase section */
		BF9CA9CE197F7C3D00DEEC4B /* Frameworks */ = {
			isa = PBXFrameworksBuildPhase;
			buildActionMask = 2147483647;
			files = (
				BF9CAA0A197F7CA100DEEC4B /* libsqlite3.dylib in Frameworks */,
				BF9CA9D7197F7C3D00DEEC4B /* CoreGraphics.framework in Frameworks */,
				BF9CA9D9197F7C3D00DEEC4B /* UIKit.framework in Frameworks */,
				BF9CA9D5197F7C3D00DEEC4B /* Foundation.framework in Frameworks */,
			);
			runOnlyForDeploymentPostprocessing = 0;
		};
		BF9CA9EF197F7C3E00DEEC4B /* Frameworks */ = {
			isa = PBXFrameworksBuildPhase;
			buildActionMask = 2147483647;
			files = (
				BF9CA9F4197F7C3E00DEEC4B /* XCTest.framework in Frameworks */,
				BF9CA9F6197F7C3E00DEEC4B /* UIKit.framework in Frameworks */,
				BF9CA9F5197F7C3E00DEEC4B /* Foundation.framework in Frameworks */,
			);
			runOnlyForDeploymentPostprocessing = 0;
		};
/* End PBXFrameworksBuildPhase section */

/* Begin PBXGroup section */
		BF9CA9C8197F7C3D00DEEC4B = {
			isa = PBXGroup;
			children = (
				BF9CA9DA197F7C3D00DEEC4B /* iOS_Project */,
				BF9CA9F9197F7C3E00DEEC4B /* iOS_ProjectTests */,
				BF9CA9D3197F7C3D00DEEC4B /* Frameworks */,
				BF9CA9D2197F7C3D00DEEC4B /* Products */,
			);
			sourceTree = "<group>";
		};
		BF9CA9D2197F7C3D00DEEC4B /* Products */ = {
			isa = PBXGroup;
			children = (
				BF9CA9D1197F7C3D00DEEC4B /* iOS_Project.app */,
				BF9CA9F2197F7C3E00DEEC4B /* iOS_ProjectTests.xctest */,
			);
			name = Products;
			sourceTree = "<group>";
		};
		BF9CA9D3197F7C3D00DEEC4B /* Frameworks */ = {
			isa = PBXGroup;
			children = (
				BF9CAA09197F7CA100DEEC4B /* libsqlite3.dylib */,
				BF9CA9D4197F7C3D00DEEC4B /* Foundation.framework */,
				BF9CA9D6197F7C3D00DEEC4B /* CoreGraphics.framework */,
				BF9CA9D8197F7C3D00DEEC4B /* UIKit.framework */,
				BF9CA9F3197F7C3E00DEEC4B /* XCTest.framework */,
			);
			name = Frameworks;
			sourceTree = "<group>";
		};
		BF9CA9DA197F7C3D00DEEC4B /* iOS_Project */ = {
			isa = PBXGroup;
			children = (
				BF9CAA0B197F7CBE00DEEC4B /* DatabaseManager.h */,
				BF9CAA0C197F7CBE00DEEC4B /* DatabaseManager.m */,
				BF9CA9E3197F7C3D00DEEC4B /* AppDelegate.h */,
				BF9CA9E4197F7C3D00DEEC4B /* AppDelegate.m */,
				BF9CA9E6197F7C3D00DEEC4B /* Main.storyboard */,
				BF9CA9E9197F7C3D00DEEC4B /* ViewController.h */,
				BF9CA9EA197F7C3D00DEEC4B /* ViewController.m */,
				BF9CA9EC197F7C3D00DEEC4B /* Images.xcassets */,
				BF9CA9DB197F7C3D00DEEC4B /* Supporting Files */,
			);
			path = iOS_Project;
			sourceTree = "<group>";
		};
		BF9CA9DB197F7C3D00DEEC4B /* Supporting Files */ = {
			isa = PBXGroup;
			children = (
				BF9CA9DC197F7C3D00DEEC4B /* iOS_Project-Info.plist */,
				BF9CA9DD197F7C3D00DEEC4B /* InfoPlist.strings */,
				BF9CA9E0197F7C3D00DEEC4B /* main.m */,
				BF9CA9E2197F7C3D00DEEC4B /* iOS_Project-Prefix.pch */,
			);
			name = "Supporting Files";
			sourceTree = "<group>";
		};
		BF9CA9F9197F7C3E00DEEC4B /* iOS_ProjectTests */ = {
			isa = PBXGroup;
			children = (
				BF9CA9FF197F7C3E00DEEC4B /* iOS_ProjectTests.m */,
				BF9CA9FA197F7C3E00DEEC4B /* Supporting Files */,
			);
			path = iOS_ProjectTests;
			sourceTree = "<group>";
		};
		BF9CA9FA197F7C3E00DEEC4B /* Supporting Files */ = {
			isa = PBXGroup;
			children = (
				BF9CA9FB197F7C3E00DEEC4B /* iOS_ProjectTests-Info.plist */,
				BF9CA9FC197F7C3E00DEEC4B /* InfoPlist.strings */,
			);
			name = "Supporting Files";
			sourceTree = "<group>";
		};
/* End PBXGroup section */

/* Begin PBXNativeTarget section */
		BF9CA9D0197F7C3D00DEEC4B /* iOS_Project */ = {
			isa = PBXNativeTarget;
			buildConfigurationList = BF9CAA03197F7C3E00DEEC4B /* Build configuration list for PBXNativeTarget "iOS_Project" */;
			buildPhases = (
				BF9CA9CD197F7C3D00DEEC4B /* Sources */,
				BF9CA9CE197F7C3D00DEEC4B /* Frameworks */,
				BF9CA9CF197F7C3D00DEEC4B /* Resources */,
			);
			buildRules = (
			);
			dependencies = (
			);
			name = iOS_Project;
			productName = iOS_Project;
			productReference = BF9CA9D1197F7C3D00DEEC4B /* iOS_Project.app */;
			productType = "com.apple.product-type.application";
		};
		BF9CA9F1197F7C3E00DEEC4B /* iOS_ProjectTests */ = {
			isa = PBXNativeTarget;
			buildConfigurationList = BF9CAA06197F7C3E00DEEC4B /* Build configuration list for PBXNativeTarget "iOS_ProjectTests" */;
			buildPhases = (
				BF9CA9EE197F7C3E00DEEC4B /* Sources */,
				BF9CA9EF197F7C3E00DEEC4B /* Frameworks */,
				BF9CA9F0197F7C3E00DEEC4B /* Resources */,
			);
			buildRules = (
			);
			dependencies = (
				BF9CA9F8197F7C3E00DEEC4B /* PBXTargetDependency */,
			);
			name = iOS_ProjectTests;
			productName = iOS_ProjectTests;
			productReference = BF9CA9F2197F7C3E00DEEC4B /* iOS_ProjectTests.xctest */;
			productType = "com.apple.product-type.bundle.unit-test";
		};
/* End PBXNativeTarget section */

/* Begin PBXProject section */
		BF9CA9C9197F7C3D00DEEC4B /* Project object */ = {
			isa = PBXProject;
			attributes = {
				LastUpgradeCheck = 0510;
				ORGANIZATIONNAME = "Group A of IPCT, Lambton College";
				TargetAttributes = {
					BF9CA9F1197F7C3E00DEEC4B = {
						TestTargetID = BF9CA9D0197F7C3D00DEEC4B;
					};
				};
			};
			buildConfigurationList = BF9CA9CC197F7C3D00DEEC4B /* Build configuration list for PBXProject "iOS_Project" */;
			compatibilityVersion = "Xcode 3.2";
			developmentRegion = English;
			hasScannedForEncodings = 0;
			knownRegions = (
				en,
				Base,
			);
			mainGroup = BF9CA9C8197F7C3D00DEEC4B;
			productRefGroup = BF9CA9D2197F7C3D00DEEC4B /* Products */;
			projectDirPath = "";
			projectRoot = "";
			targets = (
				BF9CA9D0197F7C3D00DEEC4B /* iOS_Project */,
				BF9CA9F1197F7C3E00DEEC4B /* iOS_ProjectTests */,
			);
		};
/* End PBXProject section */

/* Begin PBXResourcesBuildPhase section */
		BF9CA9CF197F7C3D00DEEC4B /* Resources */ = {
			isa = PBXResourcesBuildPhase;
			buildActionMask = 2147483647;
			files = (
				BF9CA9ED197F7C3D00DEEC4B /* Images.xcassets in Resources */,
				BF9CA9DF197F7C3D00DEEC4B /* InfoPlist.strings in Resources */,
				BF9CA9E8197F7C3D00DEEC4B /* Main.storyboard in Resources */,
			);
			runOnlyForDeploymentPostprocessing = 0;
		};
		BF9CA9F0197F7C3E00DEEC4B /* Resources */ = {
			isa = PBXResourcesBuildPhase;
			buildActionMask = 2147483647;
			files = (
				BF9CA9FE197F7C3E00DEEC4B /* InfoPlist.strings in Resources */,
			);
			runOnlyForDeploymentPostprocessing = 0;
		};
/* End PBXResourcesBuildPhase section */

/* Begin PBXSourcesBuildPhase section */
		BF9CA9CD197F7C3D00DEEC4B /* Sources */ = {
			isa = PBXSourcesBuildPhase;
			buildActionMask = 2147483647;
			files = (
				BF9CAA0D197F7CBE00DEEC4B /* DatabaseManager.m in Sources */,
				BF9CA9EB197F7C3D00DEEC4B /* ViewController.m in Sources */,
				BF9CA9E5197F7C3D00DEEC4B /* AppDelegate.m in Sources */,
				BF9CA9E1197F7C3D00DEEC4B /* main.m in Sources */,
			);
			runOnlyForDeploymentPostprocessing = 0;
		};
		BF9CA9EE197F7C3E00DEEC4B /* Sources */ = {
			isa = PBXSourcesBuildPhase;
			buildActionMask = 2147483647;
			files = (
				BF9CAA00197F7C3E00DEEC4B /* iOS_ProjectTests.m in Sources */,
			);
			runOnlyForDeploymentPostprocessing = 0;
		};
/* End PBXSourcesBuildPhase section */

/* Begin PBXTargetDependency section */
		BF9CA9F8197F7C3E00DEEC4B /* PBXTargetDependency */ = {
			isa = PBXTargetDependency;
			target = BF9CA9D0197F7C3D00DEEC4B /* iOS_Project */;
			targetProxy = BF9CA9F7197F7C3E00DEEC4B /* PBXContainerItemProxy */;
		};
/* End PBXTargetDependency section */

/* Begin PBXVariantGroup section */
		BF9CA9DD197F7C3D00DEEC4B /* InfoPlist.strings */ = {
			isa = PBXVariantGroup;
			children = (
				BF9CA9DE197F7C3D00DEEC4B /* en */,
			);
			name = InfoPlist.strings;
			sourceTree = "<group>";
		};
		BF9CA9E6197F7C3D00DEEC4B /* Main.storyboard */ = {
			isa = PBXVariantGroup;
			children = (
				BF9CA9E7197F7C3D00DEEC4B /* Base */,
			);
			name = Main.storyboard;
			sourceTree = "<group>";
		};
		BF9CA9FC197F7C3E00DEEC4B /* InfoPlist.strings */ = {
			isa = PBXVariantGroup;
			children = (
				BF9CA9FD197F7C3E00DEEC4B /* en */,
			);
			name = InfoPlist.strings;
			sourceTree = "<group>";
		};
/* End PBXVariantGroup section */

/* Begin XCBuildConfiguration section */
		BF9CAA01197F7C3E00DEEC4B /* Debug */ = {
			isa = XCBuildConfiguration;
			buildSettings = {
				ALWAYS_SEARCH_USER_PATHS = NO;
				CLANG_CXX_LANGUAGE_STANDARD = "gnu++0x";
				CLANG_CXX_LIBRARY = "libc++";
				CLANG_ENABLE_MODULES = YES;
				CLANG_ENABLE_OBJC_ARC = YES;
				CLANG_WARN_BOOL_CONVERSION = YES;
				CLANG_WARN_CONSTANT_CONVERSION = YES;
				CLANG_WARN_DIRECT_OBJC_ISA_USAGE = YES_ERROR;
				CLANG_WARN_EMPTY_BODY = YES;
				CLANG_WARN_ENUM_CONVERSION = YES;
				CLANG_WARN_INT_CONVERSION = YES;
				CLANG_WARN_OBJC_ROOT_CLASS = YES_ERROR;
				CLANG_WARN__DUPLICATE_METHOD_MATCH = YES;
				"CODE_SIGN_IDENTITY[sdk=iphoneos*]" = "iPhone Developer";
				COPY_PHASE_STRIP = NO;
				GCC_C_LANGUAGE_STANDARD = gnu99;
				GCC_DYNAMIC_NO_PIC = NO;
				GCC_OPTIMIZATION_LEVEL = 0;
				GCC_PREPROCESSOR_DEFINITIONS = (
					"DEBUG=1",
					"$(inherited)",
				);
				GCC_SYMBOLS_PRIVATE_EXTERN = NO;
				GCC_WARN_64_TO_32_BIT_CONVERSION = YES;
				GCC_WARN_ABOUT_RETURN_TYPE = YES_ERROR;
				GCC_WARN_UNDECLARED_SELECTOR = YES;
				GCC_WARN_UNINITIALIZED_AUTOS = YES_AGGRESSIVE;
				GCC_WARN_UNUSED_FUNCTION = YES;
				GCC_WARN_UNUSED_VARIABLE = YES;
				IPHONEOS_DEPLOYMENT_TARGET = 7.1;
				ONLY_ACTIVE_ARCH = YES;
				SDKROOT = iphoneos;
			};
			name = Debug;
		};
		BF9CAA02197F7C3E00DEEC4B /* Release */ = {
			isa = XCBuildConfiguration;
			buildSettings = {
				ALWAYS_SEARCH_USER_PATHS = NO;
				CLANG_CXX_LANGUAGE_STANDARD = "gnu++0x";
				CLANG_CXX_LIBRARY = "libc++";
				CLANG_ENABLE_MODULES = YES;
				CLANG_ENABLE_OBJC_ARC = YES;
				CLANG_WARN_BOOL_CONVERSION = YES;
				CLANG_WARN_CONSTANT_CONVERSION = YES;
				CLANG_WARN_DIRECT_OBJC_ISA_USAGE = YES_ERROR;
				CLANG_WARN_EMPTY_BODY = YES;
				CLANG_WARN_ENUM_CONVERSION = YES;
				CLANG_WARN_INT_CONVERSION = YES;
				CLANG_WARN_OBJC_ROOT_CLASS = YES_ERROR;
				CLANG_WARN__DUPLICATE_METHOD_MATCH = YES;
				"CODE_SIGN_IDENTITY[sdk=iphoneos*]" = "iPhone Developer";
				COPY_PHASE_STRIP = YES;
				ENABLE_NS_ASSERTIONS = NO;
				GCC_C_LANGUAGE_STANDARD = gnu99;
				GCC_WARN_64_TO_32_BIT_CONVERSION = YES;
				GCC_WARN_ABOUT_RETURN_TYPE = YES_ERROR;
				GCC_WARN_UNDECLARED_SELECTOR = YES;
				GCC_WARN_UNINITIALIZED_AUTOS = YES_AGGRESSIVE;
				GCC_WARN_UNUSED_FUNCTION = YES;
				GCC_WARN_UNUSED_VARIABLE = YES;
				IPHONEOS_DEPLOYMENT_TARGET = 7.1;
				SDKROOT = iphoneos;
				VALIDATE_PRODUCT = YES;
			};
			name = Release;
		};
		BF9CAA04197F7C3E00DEEC4B /* Debug */ = {
			isa = XCBuildConfiguration;
			buildSettings = {
				ASSETCATALOG_COMPILER_APPICON_NAME = AppIcon;
				ASSETCATALOG_COMPILER_LAUNCHIMAGE_NAME = LaunchImage;
				GCC_PRECOMPILE_PREFIX_HEADER = YES;
				GCC_PREFIX_HEADER = "iOS_Project/iOS_Project-Prefix.pch";
				INFOPLIST_FILE = "iOS_Project/iOS_Project-Info.plist";
				PRODUCT_NAME = "$(TARGET_NAME)";
				TARGETED_DEVICE_FAMILY = 1;
				WRAPPER_EXTENSION = app;
			};
			name = Debug;
		};
		BF9CAA05197F7C3E00DEEC4B /* Release */ = {
			isa = XCBuildConfiguration;
			buildSettings = {
				ASSETCATALOG_COMPILER_APPICON_NAME = AppIcon;
				ASSETCATALOG_COMPILER_LAUNCHIMAGE_NAME = LaunchImage;
				GCC_PRECOMPILE_PREFIX_HEADER = YES;
				GCC_PREFIX_HEADER = "iOS_Project/iOS_Project-Prefix.pch";
				INFOPLIST_FILE = "iOS_Project/iOS_Project-Info.plist";
				PRODUCT_NAME = "$(TARGET_NAME)";
				TARGETED_DEVICE_FAMILY = 1;
				WRAPPER_EXTENSION = app;
			};
			name = Release;
		};
		BF9CAA07197F7C3E00DEEC4B /* Debug */ = {
			isa = XCBuildConfiguration;
			buildSettings = {
				BUNDLE_LOADER = "$(BUILT_PRODUCTS_DIR)/iOS_Project.app/iOS_Project";
				FRAMEWORK_SEARCH_PATHS = (
					"$(SDKROOT)/Developer/Library/Frameworks",
					"$(inherited)",
					"$(DEVELOPER_FRAMEWORKS_DIR)",
				);
				GCC_PRECOMPILE_PREFIX_HEADER = YES;
				GCC_PREFIX_HEADER = "iOS_Project/iOS_Project-Prefix.pch";
				GCC_PREPROCESSOR_DEFINITIONS = (
					"DEBUG=1",
					"$(inherited)",
				);
				INFOPLIST_FILE = "iOS_ProjectTests/iOS_ProjectTests-Info.plist";
				PRODUCT_NAME = "$(TARGET_NAME)";
				TEST_HOST = "$(BUNDLE_LOADER)";
				WRAPPER_EXTENSION = xctest;
			};
			name = Debug;
		};
		BF9CAA08197F7C3E00DEEC4B /* Release */ = {
			isa = XCBuildConfiguration;
			buildSettings = {
				BUNDLE_LOADER = "$(BUILT_PRODUCTS_DIR)/iOS_Project.app/iOS_Project";
				FRAMEWORK_SEARCH_PATHS = (
					"$(SDKROOT)/Developer/Library/Frameworks",
					"$(inherited)",
					"$(DEVELOPER_FRAMEWORKS_DIR)",
				);
				GCC_PRECOMPILE_PREFIX_HEADER = YES;
				GCC_PREFIX_HEADER = "iOS_Project/iOS_Project-Prefix.pch";
				INFOPLIST_FILE = "iOS_ProjectTests/iOS_ProjectTests-Info.plist";
				PRODUCT_NAME = "$(TARGET_NAME)";
				TEST_HOST = "$(BUNDLE_LOADER)";
				WRAPPER_EXTENSION = xctest;
			};
			name = Release;
		};
/* End XCBuildConfiguration section */

/* Begin XCConfigurationList section */
		BF9CA9CC197F7C3D00DEEC4B /* Build configuration list for PBXProject "iOS_Project" */ = {
			isa = XCConfigurationList;
			buildConfigurations = (
				BF9CAA01197F7C3E00DEEC4B /* Debug */,
				BF9CAA02197F7C3E00DEEC4B /* Release */,
			);
			defaultConfigurationIsVisible = 0;
			defaultConfigurationName = Release;
		};
		BF9CAA03197F7C3E00DEEC4B /* Build configuration list for PBXNativeTarget "iOS_Project" */ = {
			isa = XCConfigurationList;
			buildConfigurations = (
				BF9CAA04197F7C3E00DEEC4B /* Debug */,
				BF9CAA05197F7C3E00DEEC4B /* Release */,
			);
			defaultConfigurationIsVisible = 0;
		};
		BF9CAA06197F7C3E00DEEC4B /* Build configuration list for PBXNativeTarget "iOS_ProjectTests" */ = {
			isa = XCConfigurationList;
			buildConfigurations = (
				BF9CAA07197F7C3E00DEEC4B /* Debug */,
				BF9CAA08197F7C3E00DEEC4B /* Release */,
			);
			defaultConfigurationIsVisible = 0;
		};
/* End XCConfigurationList section */
	};
	rootObject = BF9CA9C9197F7C3D00DEEC4B /* Project object */;
}
